
Microsoft Visual Studio Solution File, Format Version 12.00
# Visual Studio Version 17
VisualStudioVersion = 17.7.34024.191
MinimumVisualStudioVersion = 10.0.40219.1
Project("{FAE04EC0-301F-11D3-BF4B-00C04F79EFBC}") = "DecoratorAssignment", "DecoratorAssignment\DecoratorAssignment.csproj", "{1323718C-ABCD-49B5-AE87-8C878F00850E}"
EndProject
Global
	GlobalSection(SolutionConfigurationPlatforms) = preSolution
		Debug|Any CPU = Debug|Any CPU
		Release|Any CPU = Release|Any CPU
	EndGlobalSection
	GlobalSection(ProjectConfigurationPlatforms) = postSolution
		{1323718C-ABCD-49B5-AE87-8C878F00850E}.Debug|Any CPU.ActiveCfg = Debug|Any CPU
		{1323718C-ABCD-49B5-AE87-8C878F00850E}.Debug|Any CPU.Build.0 = Debug|Any CPU
		{1323718C-ABCD-49B5-AE87-8C878F00850E}.Release|Any CPU.ActiveCfg = Release|Any CPU
		{1323718C-ABCD-49B5-AE87-8C878F00850E}.Release|Any CPU.Build.0 = Release|Any CPU
	EndGlobalSection
	GlobalSection(SolutionProperties) = preSolution
		HideSolutionNode = FALSE
	EndGlobalSection
	GlobalSection(ExtensibilityGlobals) = postSolution
		SolutionGuid = {36094979-635C-49FC-B034-9C9DB143BA91}
	EndGlobalSection
EndGlobal
